
Microsoft Visual Studio Solution File, Format Version 12.00
# Visual Studio Version 16
VisualStudioVersion = 16.0.31424.327
MinimumVisualStudioVersion = 10.0.40219.1
Project("{FAE04EC0-301F-11D3-BF4B-00C04F79EFBC}") = "OtoGaleri_G023", "OtoGaleri_G023\OtoGaleri_G023.csproj", "{DFA798D6-E447-4DF4-AE60-B4E80EA86B05}"
EndProject
Global
	GlobalSection(SolutionConfigurationPlatforms) = preSolution
		Debug|Any CPU = Debug|Any CPU
		Release|Any CPU = Release|Any CPU
	EndGlobalSection
	GlobalSection(ProjectConfigurationPlatforms) = postSolution
		{DFA798D6-E447-4DF4-AE60-B4E80EA86B05}.Debug|Any CPU.ActiveCfg = Debug|Any CPU
		{DFA798D6-E447-4DF4-AE60-B4E80EA86B05}.Debug|Any CPU.Build.0 = Debug|Any CPU
		{DFA798D6-E447-4DF4-AE60-B4E80EA86B05}.Release|Any CPU.ActiveCfg = Release|Any CPU
		{DFA798D6-E447-4DF4-AE60-B4E80EA86B05}.Release|Any CPU.Build.0 = Release|Any CPU
	EndGlobalSection
	GlobalSection(SolutionProperties) = preSolution
		HideSolutionNode = FALSE
	EndGlobalSection
	GlobalSection(ExtensibilityGlobals) = postSolution
		SolutionGuid = {FBC92663-6AEB-47D5-993C-2D214C2F749F}
	EndGlobalSection
EndGlobal
